
Microsoft Visual Studio Solution File, Format Version 12.00
# Visual Studio Version 16
VisualStudioVersion = 16.0.28803.202
MinimumVisualStudioVersion = 10.0.40219.1
Project("{9A19103F-16F7-4668-BE54-9A1E7A4F7556}") = "SimpleConsumer", "SimpleConsumer\SimpleConsumer.csproj", "{06010B8D-B144-40F4-9471-A61FC218816E}"
EndProject
Project("{2150E333-8FDC-42A3-9474-1A3956D46DE8}") = "tools", "tools", "{73D901F0-380A-4BE8-9EE5-E4DC2F661D06}"
EndProject
Project("{2150E333-8FDC-42A3-9474-1A3956D46DE8}") = "single-node", "single-node", "{B27DEBEA-31C3-4690-80DB-DE936D822F7A}"
	ProjectSection(SolutionItems) = preProject
		..\tools\single-node\docker-compose.yml = ..\tools\single-node\docker-compose.yml
	EndProjectSection
EndProject
Project("{2150E333-8FDC-42A3-9474-1A3956D46DE8}") = "all-in-one", "all-in-one", "{A5EF8C16-35B0-45CB-B46B-69062A7AE925}"
	ProjectSection(SolutionItems) = preProject
		..\tools\all-in-one\docker-compose.yml = ..\tools\all-in-one\docker-compose.yml
	EndProjectSection
EndProject
Project("{9A19103F-16F7-4668-BE54-9A1E7A4F7556}") = "NonBlockingConsumer", "NonBlockingConsumer\NonBlockingConsumer.csproj", "{476F0EAC-51B4-4E64-8DBD-C678695F6350}"
EndProject
Project("{9A19103F-16F7-4668-BE54-9A1E7A4F7556}") = "MultipleConsumer", "MultipleConsumer\MultipleConsumer.csproj", "{E4EC2D2D-FE6F-4DD2-9661-D14078AE5EC0}"
EndProject
Project("{FAE04EC0-301F-11D3-BF4B-00C04F79EFBC}") = "WebAppWithConsumers", "WebAppWithConsumers\WebAppWithConsumers.csproj", "{49F23636-3026-4210-A61E-9E9DAAF990E7}"
EndProject
Project("{2150E333-8FDC-42A3-9474-1A3956D46DE8}") = "multiple-events-same-topic", "multiple-events-same-topic", "{3BE2138C-F5A3-43E3-9D7F-78AA9A932C00}"
EndProject
Global
	GlobalSection(SolutionConfigurationPlatforms) = preSolution
		Debug|Any CPU = Debug|Any CPU
		Release|Any CPU = Release|Any CPU
	EndGlobalSection
	GlobalSection(ProjectConfigurationPlatforms) = postSolution
		{06010B8D-B144-40F4-9471-A61FC218816E}.Debug|Any CPU.ActiveCfg = Debug|Any CPU
		{06010B8D-B144-40F4-9471-A61FC218816E}.Debug|Any CPU.Build.0 = Debug|Any CPU
		{06010B8D-B144-40F4-9471-A61FC218816E}.Release|Any CPU.ActiveCfg = Release|Any CPU
		{06010B8D-B144-40F4-9471-A61FC218816E}.Release|Any CPU.Build.0 = Release|Any CPU
		{476F0EAC-51B4-4E64-8DBD-C678695F6350}.Debug|Any CPU.ActiveCfg = Debug|Any CPU
		{476F0EAC-51B4-4E64-8DBD-C678695F6350}.Debug|Any CPU.Build.0 = Debug|Any CPU
		{476F0EAC-51B4-4E64-8DBD-C678695F6350}.Release|Any CPU.ActiveCfg = Release|Any CPU
		{476F0EAC-51B4-4E64-8DBD-C678695F6350}.Release|Any CPU.Build.0 = Release|Any CPU
		{E4EC2D2D-FE6F-4DD2-9661-D14078AE5EC0}.Debug|Any CPU.ActiveCfg = Debug|Any CPU
		{E4EC2D2D-FE6F-4DD2-9661-D14078AE5EC0}.Debug|Any CPU.Build.0 = Debug|Any CPU
		{E4EC2D2D-FE6F-4DD2-9661-D14078AE5EC0}.Release|Any CPU.ActiveCfg = Release|Any CPU
		{E4EC2D2D-FE6F-4DD2-9661-D14078AE5EC0}.Release|Any CPU.Build.0 = Release|Any CPU
		{49F23636-3026-4210-A61E-9E9DAAF990E7}.Debug|Any CPU.ActiveCfg = Debug|Any CPU
		{49F23636-3026-4210-A61E-9E9DAAF990E7}.Debug|Any CPU.Build.0 = Debug|Any CPU
		{49F23636-3026-4210-A61E-9E9DAAF990E7}.Release|Any CPU.ActiveCfg = Release|Any CPU
		{49F23636-3026-4210-A61E-9E9DAAF990E7}.Release|Any CPU.Build.0 = Release|Any CPU
	EndGlobalSection
	GlobalSection(SolutionProperties) = preSolution
		HideSolutionNode = FALSE
	EndGlobalSection
	GlobalSection(NestedProjects) = preSolution
		{B27DEBEA-31C3-4690-80DB-DE936D822F7A} = {73D901F0-380A-4BE8-9EE5-E4DC2F661D06}
		{A5EF8C16-35B0-45CB-B46B-69062A7AE925} = {73D901F0-380A-4BE8-9EE5-E4DC2F661D06}
		{E4EC2D2D-FE6F-4DD2-9661-D14078AE5EC0} = {3BE2138C-F5A3-43E3-9D7F-78AA9A932C00}
		{49F23636-3026-4210-A61E-9E9DAAF990E7} = {3BE2138C-F5A3-43E3-9D7F-78AA9A932C00}
	EndGlobalSection
	GlobalSection(ExtensibilityGlobals) = postSolution
		SolutionGuid = {7FD2A430-C51A-4A14-BAE6-958B1CE51AEF}
	EndGlobalSection
EndGlobal
